
Microsoft Visual Studio Solution File, Format Version 12.00
# Visual Studio Version 17
VisualStudioVersion = 17.12.35527.113 d17.12
MinimumVisualStudioVersion = 10.0.40219.1
Project("{FAE04EC0-301F-11D3-BF4B-00C04F79EFBC}") = "BaiTap4", "BaiTap4.csproj", "{DC437081-384D-4B36-9906-C27843AA9671}"
EndProject
Global
	GlobalSection(SolutionConfigurationPlatforms) = preSolution
		Debug|Any CPU = Debug|Any CPU
		Release|Any CPU = Release|Any CPU
	EndGlobalSection
	GlobalSection(ProjectConfigurationPlatforms) = postSolution
		{DC437081-384D-4B36-9906-C27843AA9671}.Debug|Any CPU.ActiveCfg = Debug|Any CPU
		{DC437081-384D-4B36-9906-C27843AA9671}.Debug|Any CPU.Build.0 = Debug|Any CPU
		{DC437081-384D-4B36-9906-C27843AA9671}.Release|Any CPU.ActiveCfg = Release|Any CPU
		{DC437081-384D-4B36-9906-C27843AA9671}.Release|Any CPU.Build.0 = Release|Any CPU
	EndGlobalSection
	GlobalSection(SolutionProperties) = preSolution
		HideSolutionNode = FALSE
	EndGlobalSection
EndGlobal
